
Microsoft Visual Studio Solution File, Format Version 12.00
# Visual Studio Version 16
VisualStudioVersion = 16.0.32106.194
MinimumVisualStudioVersion = 10.0.40219.1
Project("{FAE04EC0-301F-11D3-BF4B-00C04F79EFBC}") = "Multiplayer Enhancements", "Multiplayer Enhancements\Multiplayer Enhancements.csproj", "{5DBBCED3-C0B5-4997-93C3-640C447F387C}"
EndProject
Global
	GlobalSection(SolutionConfigurationPlatforms) = preSolution
		Debug|Any CPU = Debug|Any CPU
		Release|Any CPU = Release|Any CPU
	EndGlobalSection
	GlobalSection(ProjectConfigurationPlatforms) = postSolution
		{5DBBCED3-C0B5-4997-93C3-640C447F387C}.Debug|Any CPU.ActiveCfg = Debug|Any CPU
		{5DBBCED3-C0B5-4997-93C3-640C447F387C}.Debug|Any CPU.Build.0 = Debug|Any CPU
		{5DBBCED3-C0B5-4997-93C3-640C447F387C}.Release|Any CPU.ActiveCfg = Release|Any CPU
		{5DBBCED3-C0B5-4997-93C3-640C447F387C}.Release|Any CPU.Build.0 = Release|Any CPU
	EndGlobalSection
	GlobalSection(SolutionProperties) = preSolution
		HideSolutionNode = FALSE
	EndGlobalSection
	GlobalSection(ExtensibilityGlobals) = postSolution
		SolutionGuid = {0E5C258F-048E-4C69-A20C-58C8DFCC0196}
	EndGlobalSection
EndGlobal
